
Microsoft Visual Studio Solution File, Format Version 12.00
# Visual Studio Version 17
VisualStudioVersion = 17.8.34330.188
MinimumVisualStudioVersion = 10.0.40219.1
Project("{FAE04EC0-301F-11D3-BF4B-00C04F79EFBC}") = "07", "07.csproj", "{DC0BC4A5-0D87-456A-9B6B-931D3E7557ED}"
EndProject
Global
	GlobalSection(SolutionConfigurationPlatforms) = preSolution
		Debug|Any CPU = Debug|Any CPU
		Release|Any CPU = Release|Any CPU
	EndGlobalSection
	GlobalSection(ProjectConfigurationPlatforms) = postSolution
		{DC0BC4A5-0D87-456A-9B6B-931D3E7557ED}.Debug|Any CPU.ActiveCfg = Debug|Any CPU
		{DC0BC4A5-0D87-456A-9B6B-931D3E7557ED}.Debug|Any CPU.Build.0 = Debug|Any CPU
		{DC0BC4A5-0D87-456A-9B6B-931D3E7557ED}.Release|Any CPU.ActiveCfg = Release|Any CPU
		{DC0BC4A5-0D87-456A-9B6B-931D3E7557ED}.Release|Any CPU.Build.0 = Release|Any CPU
	EndGlobalSection
	GlobalSection(SolutionProperties) = preSolution
		HideSolutionNode = FALSE
	EndGlobalSection
	GlobalSection(ExtensibilityGlobals) = postSolution
		SolutionGuid = {8C84C97C-0008-4371-A128-4D50257F4950}
	EndGlobalSection
EndGlobal
