
Microsoft Visual Studio Solution File, Format Version 12.00
# Visual Studio Version 17
VisualStudioVersion = 17.8.34408.163
MinimumVisualStudioVersion = 10.0.40219.1
Project("{FAE04EC0-301F-11D3-BF4B-00C04F79EFBC}") = "01", "01.csproj", "{DAE63D51-3E6D-46EE-8254-AA7C67461C0D}"
EndProject
Global
	GlobalSection(SolutionConfigurationPlatforms) = preSolution
		Debug|Any CPU = Debug|Any CPU
		Release|Any CPU = Release|Any CPU
	EndGlobalSection
	GlobalSection(ProjectConfigurationPlatforms) = postSolution
		{DAE63D51-3E6D-46EE-8254-AA7C67461C0D}.Debug|Any CPU.ActiveCfg = Debug|Any CPU
		{DAE63D51-3E6D-46EE-8254-AA7C67461C0D}.Debug|Any CPU.Build.0 = Debug|Any CPU
		{DAE63D51-3E6D-46EE-8254-AA7C67461C0D}.Release|Any CPU.ActiveCfg = Release|Any CPU
		{DAE63D51-3E6D-46EE-8254-AA7C67461C0D}.Release|Any CPU.Build.0 = Release|Any CPU
	EndGlobalSection
	GlobalSection(SolutionProperties) = preSolution
		HideSolutionNode = FALSE
	EndGlobalSection
	GlobalSection(ExtensibilityGlobals) = postSolution
		SolutionGuid = {A1BB1622-C42A-4A84-ABEA-5A0D62E07812}
	EndGlobalSection
EndGlobal
