
Microsoft Visual Studio Solution File, Format Version 12.00
# Visual Studio Version 17
VisualStudioVersion = 17.8.34330.188
MinimumVisualStudioVersion = 10.0.40219.1
Project("{FAE04EC0-301F-11D3-BF4B-00C04F79EFBC}") = "14", "14.csproj", "{38AE8E10-393F-4BE1-942F-7BCA5051E3F7}"
EndProject
Global
	GlobalSection(SolutionConfigurationPlatforms) = preSolution
		Debug|Any CPU = Debug|Any CPU
		Release|Any CPU = Release|Any CPU
	EndGlobalSection
	GlobalSection(ProjectConfigurationPlatforms) = postSolution
		{38AE8E10-393F-4BE1-942F-7BCA5051E3F7}.Debug|Any CPU.ActiveCfg = Debug|Any CPU
		{38AE8E10-393F-4BE1-942F-7BCA5051E3F7}.Debug|Any CPU.Build.0 = Debug|Any CPU
		{38AE8E10-393F-4BE1-942F-7BCA5051E3F7}.Release|Any CPU.ActiveCfg = Release|Any CPU
		{38AE8E10-393F-4BE1-942F-7BCA5051E3F7}.Release|Any CPU.Build.0 = Release|Any CPU
	EndGlobalSection
	GlobalSection(SolutionProperties) = preSolution
		HideSolutionNode = FALSE
	EndGlobalSection
	GlobalSection(ExtensibilityGlobals) = postSolution
		SolutionGuid = {0883CA54-D024-46D1-9233-9DCBFD36D42A}
	EndGlobalSection
EndGlobal
