
Microsoft Visual Studio Solution File, Format Version 12.00
# Visual Studio Version 17
VisualStudioVersion = 17.9.34723.18
MinimumVisualStudioVersion = 10.0.40219.1
Project("{FAE04EC0-301F-11D3-BF4B-00C04F79EFBC}") = "25", "25.csproj", "{A6F600BD-E0CC-4F0A-BD42-A94B25316F4F}"
EndProject
Global
	GlobalSection(SolutionConfigurationPlatforms) = preSolution
		Debug|Any CPU = Debug|Any CPU
		Release|Any CPU = Release|Any CPU
	EndGlobalSection
	GlobalSection(ProjectConfigurationPlatforms) = postSolution
		{A6F600BD-E0CC-4F0A-BD42-A94B25316F4F}.Debug|Any CPU.ActiveCfg = Debug|Any CPU
		{A6F600BD-E0CC-4F0A-BD42-A94B25316F4F}.Debug|Any CPU.Build.0 = Debug|Any CPU
		{A6F600BD-E0CC-4F0A-BD42-A94B25316F4F}.Release|Any CPU.ActiveCfg = Release|Any CPU
		{A6F600BD-E0CC-4F0A-BD42-A94B25316F4F}.Release|Any CPU.Build.0 = Release|Any CPU
	EndGlobalSection
	GlobalSection(SolutionProperties) = preSolution
		HideSolutionNode = FALSE
	EndGlobalSection
	GlobalSection(ExtensibilityGlobals) = postSolution
		SolutionGuid = {D388C808-A260-4492-8950-9E0DE2DD7D44}
	EndGlobalSection
EndGlobal
