
Microsoft Visual Studio Solution File, Format Version 12.00
# Visual Studio Version 17
VisualStudioVersion = 17.9.34723.18
MinimumVisualStudioVersion = 10.0.40219.1
Project("{FAE04EC0-301F-11D3-BF4B-00C04F79EFBC}") = "04", "04.csproj", "{307CBC40-4F5A-4FAC-95D1-5A4877EBC148}"
EndProject
Global
	GlobalSection(SolutionConfigurationPlatforms) = preSolution
		Debug|Any CPU = Debug|Any CPU
		Release|Any CPU = Release|Any CPU
	EndGlobalSection
	GlobalSection(ProjectConfigurationPlatforms) = postSolution
		{307CBC40-4F5A-4FAC-95D1-5A4877EBC148}.Debug|Any CPU.ActiveCfg = Debug|Any CPU
		{307CBC40-4F5A-4FAC-95D1-5A4877EBC148}.Debug|Any CPU.Build.0 = Debug|Any CPU
		{307CBC40-4F5A-4FAC-95D1-5A4877EBC148}.Release|Any CPU.ActiveCfg = Release|Any CPU
		{307CBC40-4F5A-4FAC-95D1-5A4877EBC148}.Release|Any CPU.Build.0 = Release|Any CPU
	EndGlobalSection
	GlobalSection(SolutionProperties) = preSolution
		HideSolutionNode = FALSE
	EndGlobalSection
	GlobalSection(ExtensibilityGlobals) = postSolution
		SolutionGuid = {9F192F6B-12B4-49A0-BD9A-340DC9AA7A5C}
	EndGlobalSection
EndGlobal
